
Microsoft Visual Studio Solution File, Format Version 12.00
# Visual Studio Version 16
VisualStudioVersion = 16.0.30524.135
MinimumVisualStudioVersion = 10.0.40219.1
Project("{FAE04EC0-301F-11D3-BF4B-00C04F79EFBC}") = "ReactiveOperators", "ReactiveOperators\ReactiveOperators.csproj", "{E6E76136-48F3-49AC-986A-CFAF3F660A6A}"
EndProject
Global
	GlobalSection(SolutionConfigurationPlatforms) = preSolution
		Debug|Any CPU = Debug|Any CPU
		Release|Any CPU = Release|Any CPU
	EndGlobalSection
	GlobalSection(ProjectConfigurationPlatforms) = postSolution
		{E6E76136-48F3-49AC-986A-CFAF3F660A6A}.Debug|Any CPU.ActiveCfg = Debug|Any CPU
		{E6E76136-48F3-49AC-986A-CFAF3F660A6A}.Debug|Any CPU.Build.0 = Debug|Any CPU
		{E6E76136-48F3-49AC-986A-CFAF3F660A6A}.Release|Any CPU.ActiveCfg = Release|Any CPU
		{E6E76136-48F3-49AC-986A-CFAF3F660A6A}.Release|Any CPU.Build.0 = Release|Any CPU
	EndGlobalSection
	GlobalSection(SolutionProperties) = preSolution
		HideSolutionNode = FALSE
	EndGlobalSection
	GlobalSection(ExtensibilityGlobals) = postSolution
		SolutionGuid = {9F3E0E89-ADB0-490D-8AFE-754C8E079DD8}
	EndGlobalSection
EndGlobal
