
Microsoft Visual Studio Solution File, Format Version 12.00
# Visual Studio Version 16
VisualStudioVersion = 16.0.30517.126
MinimumVisualStudioVersion = 10.0.40219.1
Project("{FAE04EC0-301F-11D3-BF4B-00C04F79EFBC}") = "CsharpBasics", "CsharpBasics.csproj", "{9DD36372-8B4E-4A0C-92DA-E609B3124F0E}"
EndProject
Project("{FAE04EC0-301F-11D3-BF4B-00C04F79EFBC}") = "FileIO", "..\FileIO\FileIO.csproj", "{F497C183-9A69-4FA1-B3C7-D2027742A818}"
EndProject
Global
	GlobalSection(SolutionConfigurationPlatforms) = preSolution
		Debug|Any CPU = Debug|Any CPU
		Release|Any CPU = Release|Any CPU
	EndGlobalSection
	GlobalSection(ProjectConfigurationPlatforms) = postSolution
		{9DD36372-8B4E-4A0C-92DA-E609B3124F0E}.Debug|Any CPU.ActiveCfg = Debug|Any CPU
		{9DD36372-8B4E-4A0C-92DA-E609B3124F0E}.Debug|Any CPU.Build.0 = Debug|Any CPU
		{9DD36372-8B4E-4A0C-92DA-E609B3124F0E}.Release|Any CPU.ActiveCfg = Release|Any CPU
		{9DD36372-8B4E-4A0C-92DA-E609B3124F0E}.Release|Any CPU.Build.0 = Release|Any CPU
		{F497C183-9A69-4FA1-B3C7-D2027742A818}.Debug|Any CPU.ActiveCfg = Debug|Any CPU
		{F497C183-9A69-4FA1-B3C7-D2027742A818}.Debug|Any CPU.Build.0 = Debug|Any CPU
		{F497C183-9A69-4FA1-B3C7-D2027742A818}.Release|Any CPU.ActiveCfg = Release|Any CPU
		{F497C183-9A69-4FA1-B3C7-D2027742A818}.Release|Any CPU.Build.0 = Release|Any CPU
	EndGlobalSection
	GlobalSection(SolutionProperties) = preSolution
		HideSolutionNode = FALSE
	EndGlobalSection
	GlobalSection(ExtensibilityGlobals) = postSolution
		SolutionGuid = {A5C70E1B-0A49-4639-A0D2-3D6D7559E402}
	EndGlobalSection
EndGlobal
